
Microsoft Visual Studio Solution File, Format Version 12.00
# Visual Studio 15
VisualStudioVersion = 15.0.28307.2017
MinimumVisualStudioVersion = 10.0.40219.1
Project("{8BC9CEB8-8B4A-11D0-8D11-00A0C91BC942}") = "FixThemida", "FixThemida\FixThemida.vcxproj", "{1C958216-4F71-4ACC-8A05-79814C49C90C}"
EndProject
Project("{8BC9CEB8-8B4A-11D0-8D11-00A0C91BC942}") = "FTInjector", "FTInjector\FTInjector.vcxproj", "{BB2965A2-ED73-48BF-9980-40A00D765959}"
EndProject
Global
	GlobalSection(SolutionConfigurationPlatforms) = preSolution
		Debug|x64 = Debug|x64
		Debug|x86 = Debug|x86
		Release|x64 = Release|x64
		Release|x86 = Release|x86
	EndGlobalSection
	GlobalSection(ProjectConfigurationPlatforms) = postSolution
		{1C958216-4F71-4ACC-8A05-79814C49C90C}.Debug|x64.ActiveCfg = Debug|x64
		{1C958216-4F71-4ACC-8A05-79814C49C90C}.Debug|x64.Build.0 = Debug|x64
		{1C958216-4F71-4ACC-8A05-79814C49C90C}.Debug|x86.ActiveCfg = Debug|Win32
		{1C958216-4F71-4ACC-8A05-79814C49C90C}.Debug|x86.Build.0 = Debug|Win32
		{1C958216-4F71-4ACC-8A05-79814C49C90C}.Release|x64.ActiveCfg = Release|Win32
		{1C958216-4F71-4ACC-8A05-79814C49C90C}.Release|x64.Build.0 = Release|Win32
		{1C958216-4F71-4ACC-8A05-79814C49C90C}.Release|x86.ActiveCfg = Release|Win32
		{1C958216-4F71-4ACC-8A05-79814C49C90C}.Release|x86.Build.0 = Release|Win32
		{BB2965A2-ED73-48BF-9980-40A00D765959}.Debug|x64.ActiveCfg = Debug|x64
		{BB2965A2-ED73-48BF-9980-40A00D765959}.Debug|x64.Build.0 = Debug|x64
		{BB2965A2-ED73-48BF-9980-40A00D765959}.Debug|x86.ActiveCfg = Debug|Win32
		{BB2965A2-ED73-48BF-9980-40A00D765959}.Debug|x86.Build.0 = Debug|Win32
		{BB2965A2-ED73-48BF-9980-40A00D765959}.Release|x64.ActiveCfg = Release|Win32
		{BB2965A2-ED73-48BF-9980-40A00D765959}.Release|x64.Build.0 = Release|Win32
		{BB2965A2-ED73-48BF-9980-40A00D765959}.Release|x86.ActiveCfg = Release|Win32
		{BB2965A2-ED73-48BF-9980-40A00D765959}.Release|x86.Build.0 = Release|Win32
	EndGlobalSection
	GlobalSection(SolutionProperties) = preSolution
		HideSolutionNode = FALSE
	EndGlobalSection
	GlobalSection(ExtensibilityGlobals) = postSolution
		SolutionGuid = {8A44849B-601B-441A-8827-A79119DC6AB5}
	EndGlobalSection
EndGlobal
